// !$*UTF8*$!
{
	archiveVersion = 1;
	classes = {
	};
	objectVersion = 46;
	objects = {

/* Begin PBXBuildFile section */
		84429A301BC5F2DE004EF01B /* main.m in Sources */ = {isa = PBXBuildFile; fileRef = 84429A2F1BC5F2DE004EF01B /* main.m */; };
		84429A331BC5F2DE004EF01B /* AppDelegate.m in Sources */ = {isa = PBXBuildFile; fileRef = 84429A321BC5F2DE004EF01B /* AppDelegate.m */; };
		84429A361BC5F2DE004EF01B /* ViewController.m in Sources */ = {isa = PBXBuildFile; fileRef = 84429A351BC5F2DE004EF01B /* ViewController.m */; };
		84429A391BC5F2DE004EF01B /* Main.storyboard in Resources */ = {isa = PBXBuildFile; fileRef = 84429A371BC5F2DE004EF01B /* Main.storyboard */; };
		84429A3B1BC5F2DE004EF01B /* Images.xcassets in Resources */ = {isa = PBXBuildFile; fileRef = 84429A3A1BC5F2DE004EF01B /* Images.xcassets */; };
		84429A3E1BC5F2DE004EF01B /* LaunchScreen.xib in Resources */ = {isa = PBXBuildFile; fileRef = 84429A3C1BC5F2DE004EF01B /* LaunchScreen.xib */; };
		84429A4A1BC5F2DE004EF01B /* JMActionSheetTests.m in Sources */ = {isa = PBXBuildFile; fileRef = 84429A491BC5F2DE004EF01B /* JMActionSheetTests.m */; };
		84429A551BC5F308004EF01B /* JMActionSheet.m in Sources */ = {isa = PBXBuildFile; fileRef = 84429A541BC5F308004EF01B /* JMActionSheet.m */; };
		84429A581BC607E6004EF01B /* UIImage+Image.m in Sources */ = {isa = PBXBuildFile; fileRef = 84429A571BC607E6004EF01B /* UIImage+Image.m */; };
/* End PBXBuildFile section */

/* Begin PBXContainerItemProxy section */
		84429A441BC5F2DE004EF01B /* PBXContainerItemProxy */ = {
			isa = PBXContainerItemProxy;
			containerPortal = 84429A221BC5F2DE004EF01B /* Project object */;
			proxyType = 1;
			remoteGlobalIDString = 84429A291BC5F2DE004EF01B;
			remoteInfo = JMActionSheet;
		};
/* End PBXContainerItemProxy section */

/* Begin PBXFileReference section */
		84429A2A1BC5F2DE004EF01B /* JMActionSheet.app */ = {isa = PBXFileReference; explicitFileType = wrapper.application; includeInIndex = 0; path = JMActionSheet.app; sourceTree = BUILT_PRODUCTS_DIR; };
		84429A2E1BC5F2DE004EF01B /* Info.plist */ = {isa = PBXFileReference; lastKnownFileType = text.plist.xml; path = Info.plist; sourceTree = "<group>"; };
		84429A2F1BC5F2DE004EF01B /* main.m */ = {isa = PBXFileReference; lastKnownFileType = sourcecode.c.objc; path = main.m; sourceTree = "<group>"; };
		84429A311BC5F2DE004EF01B /* AppDelegate.h */ = {isa = PBXFileReference; lastKnownFileType = sourcecode.c.h; path = AppDelegate.h; sourceTree = "<group>"; };
		84429A321BC5F2DE004EF01B /* AppDelegate.m */ = {isa = PBXFileReference; lastKnownFileType = sourcecode.c.objc; path = AppDelegate.m; sourceTree = "<group>"; };
		84429A341BC5F2DE004EF01B /* ViewController.h */ = {isa = PBXFileReference; lastKnownFileType = sourcecode.c.h; path = ViewController.h; sourceTree = "<group>"; };
		84429A351BC5F2DE004EF01B /* ViewController.m */ = {isa = PBXFileReference; lastKnownFileType = sourcecode.c.objc; path = ViewController.m; sourceTree = "<group>"; };
		84429A381BC5F2DE004EF01B /* Base */ = {isa = PBXFileReference; lastKnownFileType = file.storyboard; name = Base; path = Base.lproj/Main.storyboard; sourceTree = "<group>"; };
		84429A3A1BC5F2DE004EF01B /* Images.xcassets */ = {isa = PBXFileReference; lastKnownFileType = folder.assetcatalog; path = Images.xcassets; sourceTree = "<group>"; };
		84429A3D1BC5F2DE004EF01B /* Base */ = {isa = PBXFileReference; lastKnownFileType = file.xib; name = Base; path = Base.lproj/LaunchScreen.xib; sourceTree = "<group>"; };
		84429A431BC5F2DE004EF01B /* JMActionSheetTests.xctest */ = {isa = PBXFileReference; explicitFileType = wrapper.cfbundle; includeInIndex = 0; path = JMActionSheetTests.xctest; sourceTree = BUILT_PRODUCTS_DIR; };
		84429A481BC5F2DE004EF01B /* Info.plist */ = {isa = PBXFileReference; lastKnownFileType = text.plist.xml; path = Info.plist; sourceTree = "<group>"; };
		84429A491BC5F2DE004EF01B /* JMActionSheetTests.m */ = {isa = PBXFileReference; lastKnownFileType = sourcecode.c.objc; path = JMActionSheetTests.m; sourceTree = "<group>"; };
		84429A531BC5F308004EF01B /* JMActionSheet.h */ = {isa = PBXFileReference; fileEncoding = 4; lastKnownFileType = sourcecode.c.h; name = JMActionSheet.h; path = JMActionSheetFile/JMActionSheet.h; sourceTree = SOURCE_ROOT; };
		84429A541BC5F308004EF01B /* JMActionSheet.m */ = {isa = PBXFileReference; fileEncoding = 4; lastKnownFileType = sourcecode.c.objc; name = JMActionSheet.m; path = JMActionSheetFile/JMActionSheet.m; sourceTree = SOURCE_ROOT; };
		84429A561BC607E6004EF01B /* UIImage+Image.h */ = {isa = PBXFileReference; fileEncoding = 4; lastKnownFileType = sourcecode.c.h; path = "UIImage+Image.h"; sourceTree = "<group>"; };
		84429A571BC607E6004EF01B /* UIImage+Image.m */ = {isa = PBXFileReference; fileEncoding = 4; lastKnownFileType = sourcecode.c.objc; path = "UIImage+Image.m"; sourceTree = "<group>"; };
/* End PBXFileReference section */

/* Begin PBXFrameworksBuildPhase section */
		84429A271BC5F2DE004EF01B /* Frameworks */ = {
			isa = PBXFrameworksBuildPhase;
			buildActionMask = 2147483647;
			files = (
			);
			runOnlyForDeploymentPostprocessing = 0;
		};
		84429A401BC5F2DE004EF01B /* Frameworks */ = {
			isa = PBXFrameworksBuildPhase;
			buildActionMask = 2147483647;
			files = (
			);
			runOnlyForDeploymentPostprocessing = 0;
		};
/* End PBXFrameworksBuildPhase section */

/* Begin PBXGroup section */
		84429A211BC5F2DE004EF01B = {
			isa = PBXGroup;
			children = (
				84429A2C1BC5F2DE004EF01B /* JMActionSheet */,
				84429A461BC5F2DE004EF01B /* JMActionSheetTests */,
				84429A2B1BC5F2DE004EF01B /* Products */,
			);
			sourceTree = "<group>";
		};
		84429A2B1BC5F2DE004EF01B /* Products */ = {
			isa = PBXGroup;
			children = (
				84429A2A1BC5F2DE004EF01B /* JMActionSheet.app */,
				84429A431BC5F2DE004EF01B /* JMActionSheetTests.xctest */,
			);
			name = Products;
			sourceTree = "<group>";
		};
		84429A2C1BC5F2DE004EF01B /* JMActionSheet */ = {
			isa = PBXGroup;
			children = (
				84429A311BC5F2DE004EF01B /* AppDelegate.h */,
				84429A321BC5F2DE004EF01B /* AppDelegate.m */,
				84429A341BC5F2DE004EF01B /* ViewController.h */,
				84429A351BC5F2DE004EF01B /* ViewController.m */,
				84429A531BC5F308004EF01B /* JMActionSheet.h */,
				84429A541BC5F308004EF01B /* JMActionSheet.m */,
				84429A561BC607E6004EF01B /* UIImage+Image.h */,
				84429A571BC607E6004EF01B /* UIImage+Image.m */,
				84429A371BC5F2DE004EF01B /* Main.storyboard */,
				84429A3A1BC5F2DE004EF01B /* Images.xcassets */,
				84429A3C1BC5F2DE004EF01B /* LaunchScreen.xib */,
				84429A2D1BC5F2DE004EF01B /* Supporting Files */,
			);
			path = JMActionSheet;
			sourceTree = "<group>";
		};
		84429A2D1BC5F2DE004EF01B /* Supporting Files */ = {
			isa = PBXGroup;
			children = (
				84429A2E1BC5F2DE004EF01B /* Info.plist */,
				84429A2F1BC5F2DE004EF01B /* main.m */,
			);
			name = "Supporting Files";
			sourceTree = "<group>";
		};
		84429A461BC5F2DE004EF01B /* JMActionSheetTests */ = {
			isa = PBXGroup;
			children = (
				84429A491BC5F2DE004EF01B /* JMActionSheetTests.m */,
				84429A471BC5F2DE004EF01B /* Supporting Files */,
			);
			path = JMActionSheetTests;
			sourceTree = "<group>";
		};
		84429A471BC5F2DE004EF01B /* Supporting Files */ = {
			isa = PBXGroup;
			children = (
				84429A481BC5F2DE004EF01B /* Info.plist */,
			);
			name = "Supporting Files";
			sourceTree = "<group>";
		};
/* End PBXGroup section */

/* Begin PBXNativeTarget section */
		84429A291BC5F2DE004EF01B /* JMActionSheet */ = {
			isa = PBXNativeTarget;
			buildConfigurationList = 84429A4D1BC5F2DE004EF01B /* Build configuration list for PBXNativeTarget "JMActionSheet" */;
			buildPhases = (
				84429A261BC5F2DE004EF01B /* Sources */,
				84429A271BC5F2DE004EF01B /* Frameworks */,
				84429A281BC5F2DE004EF01B /* Resources */,
			);
			buildRules = (
			);
			dependencies = (
			);
			name = JMActionSheet;
			productName = JMActionSheet;
			productReference = 84429A2A1BC5F2DE004EF01B /* JMActionSheet.app */;
			productType = "com.apple.product-type.application";
		};
		84429A421BC5F2DE004EF01B /* JMActionSheetTests */ = {
			isa = PBXNativeTarget;
			buildConfigurationList = 84429A501BC5F2DE004EF01B /* Build configuration list for PBXNativeTarget "JMActionSheetTests" */;
			buildPhases = (
				84429A3F1BC5F2DE004EF01B /* Sources */,
				84429A401BC5F2DE004EF01B /* Frameworks */,
				84429A411BC5F2DE004EF01B /* Resources */,
			);
			buildRules = (
			);
			dependencies = (
				84429A451BC5F2DE004EF01B /* PBXTargetDependency */,
			);
			name = JMActionSheetTests;
			productName = JMActionSheetTests;
			productReference = 84429A431BC5F2DE004EF01B /* JMActionSheetTests.xctest */;
			productType = "com.apple.product-type.bundle.unit-test";
		};
/* End PBXNativeTarget section */

/* Begin PBXProject section */
		84429A221BC5F2DE004EF01B /* Project object */ = {
			isa = PBXProject;
			attributes = {
				LastUpgradeCheck = 0630;
				ORGANIZATIONNAME = admin;
				TargetAttributes = {
					84429A291BC5F2DE004EF01B = {
						CreatedOnToolsVersion = 6.3.2;
					};
					84429A421BC5F2DE004EF01B = {
						CreatedOnToolsVersion = 6.3.2;
						TestTargetID = 84429A291BC5F2DE004EF01B;
					};
				};
			};
			buildConfigurationList = 84429A251BC5F2DE004EF01B /* Build configuration list for PBXProject "JMActionSheet" */;
			compatibilityVersion = "Xcode 3.2";
			developmentRegion = English;
			hasScannedForEncodings = 0;
			knownRegions = (
				en,
				Base,
			);
			mainGroup = 84429A211BC5F2DE004EF01B;
			productRefGroup = 84429A2B1BC5F2DE004EF01B /* Products */;
			projectDirPath = "";
			projectRoot = "";
			targets = (
				84429A291BC5F2DE004EF01B /* JMActionSheet */,
				84429A421BC5F2DE004EF01B /* JMActionSheetTests */,
			);
		};
/* End PBXProject section */

/* Begin PBXResourcesBuildPhase section */
		84429A281BC5F2DE004EF01B /* Resources */ = {
			isa = PBXResourcesBuildPhase;
			buildActionMask = 2147483647;
			files = (
				84429A391BC5F2DE004EF01B /* Main.storyboard in Resources */,
				84429A3E1BC5F2DE004EF01B /* LaunchScreen.xib in Resources */,
				84429A3B1BC5F2DE004EF01B /* Images.xcassets in Resources */,
			);
			runOnlyForDeploymentPostprocessing = 0;
		};
		84429A411BC5F2DE004EF01B /* Resources */ = {
			isa = PBXResourcesBuildPhase;
			buildActionMask = 2147483647;
			files = (
			);
			runOnlyForDeploymentPostprocessing = 0;
		};
/* End PBXResourcesBuildPhase section */

/* Begin PBXSourcesBuildPhase section */
		84429A261BC5F2DE004EF01B /* Sources */ = {
			isa = PBXSourcesBuildPhase;
			buildActionMask = 2147483647;
			files = (
				84429A551BC5F308004EF01B /* JMActionSheet.m in Sources */,
				84429A581BC607E6004EF01B /* UIImage+Image.m in Sources */,
				84429A361BC5F2DE004EF01B /* ViewController.m in Sources */,
				84429A331BC5F2DE004EF01B /* AppDelegate.m in Sources */,
				84429A301BC5F2DE004EF01B /* main.m in Sources */,
			);
			runOnlyForDeploymentPostprocessing = 0;
		};
		84429A3F1BC5F2DE004EF01B /* Sources */ = {
			isa = PBXSourcesBuildPhase;
			buildActionMask = 2147483647;
			files = (
				84429A4A1BC5F2DE004EF01B /* JMActionSheetTests.m in Sources */,
			);
			runOnlyForDeploymentPostprocessing = 0;
		};
/* End PBXSourcesBuildPhase section */

/* Begin PBXTargetDependency section */
		84429A451BC5F2DE004EF01B /* PBXTargetDependency */ = {
			isa = PBXTargetDependency;
			target = 84429A291BC5F2DE004EF01B /* JMActionSheet */;
			targetProxy = 84429A441BC5F2DE004EF01B /* PBXContainerItemProxy */;
		};
/* End PBXTargetDependency section */

/* Begin PBXVariantGroup section */
		84429A371BC5F2DE004EF01B /* Main.storyboard */ = {
			isa = PBXVariantGroup;
			children = (
				84429A381BC5F2DE004EF01B /* Base */,
			);
			name = Main.storyboard;
			sourceTree = "<group>";
		};
		84429A3C1BC5F2DE004EF01B /* LaunchScreen.xib */ = {
			isa = PBXVariantGroup;
			children = (
				84429A3D1BC5F2DE004EF01B /* Base */,
			);
			name = LaunchScreen.xib;
			sourceTree = "<group>";
		};
/* End PBXVariantGroup section */

/* Begin XCBuildConfiguration section */
		84429A4B1BC5F2DE004EF01B /* Debug */ = {
			isa = XCBuildConfiguration;
			buildSettings = {
				ALWAYS_SEARCH_USER_PATHS = NO;
				CLANG_CXX_LANGUAGE_STANDARD = "gnu++0x";
				CLANG_CXX_LIBRARY = "libc++";
				CLANG_ENABLE_MODULES = YES;
				CLANG_ENABLE_OBJC_ARC = YES;
				CLANG_WARN_BOOL_CONVERSION = YES;
				CLANG_WARN_CONSTANT_CONVERSION = YES;
				CLANG_WARN_DIRECT_OBJC_ISA_USAGE = YES_ERROR;
				CLANG_WARN_EMPTY_BODY = YES;
				CLANG_WARN_ENUM_CONVERSION = YES;
				CLANG_WARN_INT_CONVERSION = YES;
				CLANG_WARN_OBJC_ROOT_CLASS = YES_ERROR;
				CLANG_WARN_UNREACHABLE_CODE = YES;
				CLANG_WARN__DUPLICATE_METHOD_MATCH = YES;
				"CODE_SIGN_IDENTITY[sdk=iphoneos*]" = "iPhone Developer";
				COPY_PHASE_STRIP = NO;
				DEBUG_INFORMATION_FORMAT = "dwarf-with-dsym";
				ENABLE_STRICT_OBJC_MSGSEND = YES;
				GCC_C_LANGUAGE_STANDARD = gnu99;
				GCC_DYNAMIC_NO_PIC = NO;
				GCC_NO_COMMON_BLOCKS = YES;
				GCC_OPTIMIZATION_LEVEL = 0;
				GCC_PREPROCESSOR_DEFINITIONS = (
					"DEBUG=1",
					"$(inherited)",
				);
				GCC_SYMBOLS_PRIVATE_EXTERN = NO;
				GCC_WARN_64_TO_32_BIT_CONVERSION = YES;
				GCC_WARN_ABOUT_RETURN_TYPE = YES_ERROR;
				GCC_WARN_UNDECLARED_SELECTOR = YES;
				GCC_WARN_UNINITIALIZED_AUTOS = YES_AGGRESSIVE;
				GCC_WARN_UNUSED_FUNCTION = YES;
				GCC_WARN_UNUSED_VARIABLE = YES;
				IPHONEOS_DEPLOYMENT_TARGET = 8.3;
				MTL_ENABLE_DEBUG_INFO = YES;
				ONLY_ACTIVE_ARCH = YES;
				SDKROOT = iphoneos;
				TARGETED_DEVICE_FAMILY = "1,2";
			};
			name = Debug;
		};
		84429A4C1BC5F2DE004EF01B /* Release */ = {
			isa = XCBuildConfiguration;
			buildSettings = {
				ALWAYS_SEARCH_USER_PATHS = NO;
				CLANG_CXX_LANGUAGE_STANDARD = "gnu++0x";
				CLANG_CXX_LIBRARY = "libc++";
				CLANG_ENABLE_MODULES = YES;
				CLANG_ENABLE_OBJC_ARC = YES;
				CLANG_WARN_BOOL_CONVERSION = YES;
				CLANG_WARN_CONSTANT_CONVERSION = YES;
				CLANG_WARN_DIRECT_OBJC_ISA_USAGE = YES_ERROR;
				CLANG_WARN_EMPTY_BODY = YES;
				CLANG_WARN_ENUM_CONVERSION = YES;
				CLANG_WARN_INT_CONVERSION = YES;
				CLANG_WARN_OBJC_ROOT_CLASS = YES_ERROR;
				CLANG_WARN_UNREACHABLE_CODE = YES;
				CLANG_WARN__DUPLICATE_METHOD_MATCH = YES;
				"CODE_SIGN_IDENTITY[sdk=iphoneos*]" = "iPhone Developer";
				COPY_PHASE_STRIP = NO;
				DEBUG_INFORMATION_FORMAT = "dwarf-with-dsym";
				ENABLE_NS_ASSERTIONS = NO;
				ENABLE_STRICT_OBJC_MSGSEND = YES;
				GCC_C_LANGUAGE_STANDARD = gnu99;
				GCC_NO_COMMON_BLOCKS = YES;
				GCC_WARN_64_TO_32_BIT_CONVERSION = YES;
				GCC_WARN_ABOUT_RETURN_TYPE = YES_ERROR;
				GCC_WARN_UNDECLARED_SELECTOR = YES;
				GCC_WARN_UNINITIALIZED_AUTOS = YES_AGGRESSIVE;
				GCC_WARN_UNUSED_FUNCTION = YES;
				GCC_WARN_UNUSED_VARIABLE = YES;
				IPHONEOS_DEPLOYMENT_TARGET = 8.3;
				MTL_ENABLE_DEBUG_INFO = NO;
				SDKROOT = iphoneos;
				TARGETED_DEVICE_FAMILY = "1,2";
				VALIDATE_PRODUCT = YES;
			};
			name = Release;
		};
		84429A4E1BC5F2DE004EF01B /* Debug */ = {
			isa = XCBuildConfiguration;
			buildSettings = {
				ASSETCATALOG_COMPILER_APPICON_NAME = AppIcon;
				INFOPLIST_FILE = JMActionSheet/Info.plist;
				LD_RUNPATH_SEARCH_PATHS = "$(inherited) @executable_path/Frameworks";
				PRODUCT_NAME = "$(TARGET_NAME)";
			};
			name = Debug;
		};
		84429A4F1BC5F2DE004EF01B /* Release */ = {
			isa = XCBuildConfiguration;
			buildSettings = {
				ASSETCATALOG_COMPILER_APPICON_NAME = AppIcon;
				INFOPLIST_FILE = JMActionSheet/Info.plist;
				LD_RUNPATH_SEARCH_PATHS = "$(inherited) @executable_path/Frameworks";
				PRODUCT_NAME = "$(TARGET_NAME)";
			};
			name = Release;
		};
		84429A511BC5F2DE004EF01B /* Debug */ = {
			isa = XCBuildConfiguration;
			buildSettings = {
				BUNDLE_LOADER = "$(TEST_HOST)";
				FRAMEWORK_SEARCH_PATHS = (
					"$(SDKROOT)/Developer/Library/Frameworks",
					"$(inherited)",
				);
				GCC_PREPROCESSOR_DEFINITIONS = (
					"DEBUG=1",
					"$(inherited)",
				);
				INFOPLIST_FILE = JMActionSheetTests/Info.plist;
				LD_RUNPATH_SEARCH_PATHS = "$(inherited) @executable_path/Frameworks @loader_path/Frameworks";
				PRODUCT_NAME = "$(TARGET_NAME)";
				TEST_HOST = "$(BUILT_PRODUCTS_DIR)/JMActionSheet.app/JMActionSheet";
			};
			name = Debug;
		};
		84429A521BC5F2DE004EF01B /* Release */ = {
			isa = XCBuildConfiguration;
			buildSettings = {
				BUNDLE_LOADER = "$(TEST_HOST)";
				FRAMEWORK_SEARCH_PATHS = (
					"$(SDKROOT)/Developer/Library/Frameworks",
					"$(inherited)",
				);
				INFOPLIST_FILE = JMActionSheetTests/Info.plist;
				LD_RUNPATH_SEARCH_PATHS = "$(inherited) @executable_path/Frameworks @loader_path/Frameworks";
				PRODUCT_NAME = "$(TARGET_NAME)";
				TEST_HOST = "$(BUILT_PRODUCTS_DIR)/JMActionSheet.app/JMActionSheet";
			};
			name = Release;
		};
/* End XCBuildConfiguration section */

/* Begin XCConfigurationList section */
		84429A251BC5F2DE004EF01B /* Build configuration list for PBXProject "JMActionSheet" */ = {
			isa = XCConfigurationList;
			buildConfigurations = (
				84429A4B1BC5F2DE004EF01B /* Debug */,
				84429A4C1BC5F2DE004EF01B /* Release */,
			);
			defaultConfigurationIsVisible = 0;
			defaultConfigurationName = Release;
		};
		84429A4D1BC5F2DE004EF01B /* Build configuration list for PBXNativeTarget "JMActionSheet" */ = {
			isa = XCConfigurationList;
			buildConfigurations = (
				84429A4E1BC5F2DE004EF01B /* Debug */,
				84429A4F1BC5F2DE004EF01B /* Release */,
			);
			defaultConfigurationIsVisible = 0;
			defaultConfigurationName = Release;
		};
		84429A501BC5F2DE004EF01B /* Build configuration list for PBXNativeTarget "JMActionSheetTests" */ = {
			isa = XCConfigurationList;
			buildConfigurations = (
				84429A511BC5F2DE004EF01B /* Debug */,
				84429A521BC5F2DE004EF01B /* Release */,
			);
			defaultConfigurationIsVisible = 0;
			defaultConfigurationName = Release;
		};
/* End XCConfigurationList section */
	};
	rootObject = 84429A221BC5F2DE004EF01B /* Project object */;
}
